Microsoft Visual Studio Solution File, Format Version 12.00
# Visual Studio 14
VisualStudioVersion = 14.0.23107.0
MinimumVisualStudioVersion = 10.0.40219.1
Project("{2150E333-8FDC-42A3-9474-1A3956D46DE8}") = ".paket", ".paket", "{63297B98-5CED-492C-A5B7-A5B4F73CF142}"
	ProjectSection(SolutionItems) = preProject
		paket.dependencies = paket.dependencies
		paket.lock = paket.lock
	EndProjectSection
EndProject
Project("{2150E333-8FDC-42A3-9474-1A3956D46DE8}") = "docs", "docs", "{A6A6AF7D-D6E3-442D-9B1E-58CC91879BE1}"
EndProject
Project("{F2A71F9B-5D33-465A-A702-920D77279786}") = "FSharp.ProjectTemplate", "src\FSharp.ProjectTemplate\FSharp.ProjectTemplate.fsproj", "{19AB1706-C1B7-43B6-8E04-CC6D37735D62}"
EndProject
Project("{2150E333-8FDC-42A3-9474-1A3956D46DE8}") = "project", "project", "{BF60BC93-E09B-4E5F-9D85-95A519479D54}"
	ProjectSection(SolutionItems) = preProject
		build.fsx = build.fsx
		README.md = README.md
		RELEASE_NOTES.md = RELEASE_NOTES.md
	EndProjectSection
EndProject
Project("{2150E333-8FDC-42A3-9474-1A3956D46DE8}") = "tools", "tools", "{83F16175-43B1-4C90-A1EE-8E351C33435D}"
	ProjectSection(SolutionItems) = preProject
		docs\tools\generate.fsx = docs\tools\generate.fsx
		docs\tools\templates\template.cshtml = docs\tools\templates\template.cshtml
	EndProjectSection
EndProject
Project("{2150E333-8FDC-42A3-9474-1A3956D46DE8}") = "content", "content", "{8E6D5255-776D-4B61-85F9-73C37AA1FB9A}"
	ProjectSection(SolutionItems) = preProject
		docs\content\index.fsx = docs\content\index.fsx
		docs\content\tutorial.fsx = docs\content\tutorial.fsx
	EndProjectSection
EndProject
Project("{2150E333-8FDC-42A3-9474-1A3956D46DE8}") = "tests", "tests", "{ED8079DD-2B06-4030-9F0F-DC548F98E1C4}"
EndProject
Project("{F2A71F9B-5D33-465A-A702-920D77279786}") = "FSharp.ProjectTemplate.Tests", "tests\FSharp.ProjectTemplate.Tests\FSharp.ProjectTemplate.Tests.fsproj", "{E789C72A-5CFD-436B-8EF1-61AA2852A89F}"
EndProject
Project("{2150E333-8FDC-42A3-9474-1A3956D46DE8}") = "clients", "clients", "{5861A35A-C72B-4CDD-8408-832E294AF2EC}"
EndProject
Project("{F2A71F9B-5D33-465A-A702-920D77279786}") = "FSharp.ProjectTemplate.ConsoleApplication", "clients\FSharp.ProjectTemplate.ConsoleApplication\FSharp.ProjectTemplate.ConsoleApplication.fsproj", "{15A000B7-9E76-4802-82B6-CA05F32AD20B}"
EndProject
Project("{FAE04EC0-301F-11D3-BF4B-00C04F79EFBC}") = "FSharp.ProjectTemplate.UniversalWindowsApp", "clients\FSharp.ProjectTemplate.UniversalWindowsApp\FSharp.ProjectTemplate.UniversalWindowsApp.csproj", "{A69032C3-787C-4D30-909C-71C965FF630C}"
EndProject
Project("{F2A71F9B-5D33-465A-A702-920D77279786}") = "FSharp.ProjectTemplate.MUIApp", "clients\FSharp.ProjectTemplate.MUIApp\FSharp.ProjectTemplate.MUIApp.fsproj", "{4A69755D-C222-4D37-BBF0-D14F275BCC6D}"
EndProject
Project("{F2A71F9B-5D33-465A-A702-920D77279786}") = "FSharp.ProjectTemplate.PowerShell", "clients\FSharp.ProjectTemplate.PowerShell\FSharp.ProjectTemplate.PowerShell.fsproj", "{CB11D2D9-6BA8-438A-9108-087F5C6079C6}"
EndProject
Project("{2150E333-8FDC-42A3-9474-1A3956D46DE8}") = "servers", "servers", "{DFF025AE-050F-4A59-A698-51264E64CA70}"
EndProject
Project("{F2A71F9B-5D33-465A-A702-920D77279786}") = "FSharp.ProjectTemplate.Suave", "servers\FSharp.ProjectTemplate.Suave\FSharp.ProjectTemplate.Suave.fsproj", "{6D0625C8-6D48-4320-89B0-CF2DF1A6096E}"
EndProject
Project("{F2A71F9B-5D33-465A-A702-920D77279786}") = "FSharp.ProjectTemplate.Actors", "servers\FSharp.ProjectTemplate.Actors\FSharp.ProjectTemplate.Actors.fsproj", "{D55032AA-AED3-4DC6-B905-F7A51B979C04}"
EndProject
Project("{F2A71F9B-5D33-465A-A702-920D77279786}") = "FSharp.ProjectTemplate.Fx", "src\FSharp.ProjectTemplate.Fx\FSharp.ProjectTemplate.Fx.fsproj", "{20EABA0D-BAC0-4E2C-ABCD-E0CD459669CF}"
EndProject
Project("{2150E333-8FDC-42A3-9474-1A3956D46DE8}") = "db", "db", "{4A7C713F-36DA-4638-A0ED-E39EC916C8B9}"
EndProject
Project("{F2A71F9B-5D33-465A-A702-920D77279786}") = "FSharp.ProjectTemplate.SqlClient", "db\FSharp.ProjectTemplate.SqlClient\FSharp.ProjectTemplate.SqlClient.fsproj", "{9D897B5E-5697-4E79-8F7D-DF174CB0E4D9}"
EndProject
Project("{F2A71F9B-5D33-465A-A702-920D77279786}") = "FSharp.ProjectTemplate.NMemory", "db\FSharp.ProjectTemplate.NMemory\FSharp.ProjectTemplate.NMemory.fsproj", "{A5E69BE1-2032-44A9-B4A5-53B0DC641BA6}"
EndProject
Project("{F2A71F9B-5D33-465A-A702-920D77279786}") = "FSharp.ProjectTemplate.DbTests.NMemory", "tests\FSharp.ProjectTemplate.DbTests.NMemory\FSharp.ProjectTemplate.DbTests.NMemory.fsproj", "{BF3DAC4A-5187-4168-85DE-7306178950F8}"
EndProject
Global
	GlobalSection(SolutionConfigurationPlatforms) = preSolution
		Debug|Any CPU = Debug|Any CPU
		Debug|ARM = Debug|ARM
		Debug|x64 = Debug|x64
		Debug|x86 = Debug|x86
		Release|Any CPU = Release|Any CPU
		Release|ARM = Release|ARM
		Release|x64 = Release|x64
		Release|x86 = Release|x86
	EndGlobalSection
	GlobalSection(ProjectConfigurationPlatforms) = postSolution
		{19AB1706-C1B7-43B6-8E04-CC6D37735D62}.Debug|Any CPU.ActiveCfg = Debug|Any CPU
		{19AB1706-C1B7-43B6-8E04-CC6D37735D62}.Debug|Any CPU.Build.0 = Debug|Any CPU
		{19AB1706-C1B7-43B6-8E04-CC6D37735D62}.Debug|ARM.ActiveCfg = Debug|Any CPU
		{19AB1706-C1B7-43B6-8E04-CC6D37735D62}.Debug|ARM.Build.0 = Debug|Any CPU
		{19AB1706-C1B7-43B6-8E04-CC6D37735D62}.Debug|x64.ActiveCfg = Debug|Any CPU
		{19AB1706-C1B7-43B6-8E04-CC6D37735D62}.Debug|x64.Build.0 = Debug|Any CPU
		{19AB1706-C1B7-43B6-8E04-CC6D37735D62}.Debug|x86.ActiveCfg = Debug|Any CPU
		{19AB1706-C1B7-43B6-8E04-CC6D37735D62}.Debug|x86.Build.0 = Debug|Any CPU
		{19AB1706-C1B7-43B6-8E04-CC6D37735D62}.Release|Any CPU.ActiveCfg = Release|Any CPU
		{19AB1706-C1B7-43B6-8E04-CC6D37735D62}.Release|Any CPU.Build.0 = Release|Any CPU
		{19AB1706-C1B7-43B6-8E04-CC6D37735D62}.Release|ARM.ActiveCfg = Release|Any CPU
		{19AB1706-C1B7-43B6-8E04-CC6D37735D62}.Release|ARM.Build.0 = Release|Any CPU
		{19AB1706-C1B7-43B6-8E04-CC6D37735D62}.Release|x64.ActiveCfg = Release|Any CPU
		{19AB1706-C1B7-43B6-8E04-CC6D37735D62}.Release|x64.Build.0 = Release|Any CPU
		{19AB1706-C1B7-43B6-8E04-CC6D37735D62}.Release|x86.ActiveCfg = Release|Any CPU
		{19AB1706-C1B7-43B6-8E04-CC6D37735D62}.Release|x86.Build.0 = Release|Any CPU
		{E789C72A-5CFD-436B-8EF1-61AA2852A89F}.Debug|Any CPU.ActiveCfg = Debug|Any CPU
		{E789C72A-5CFD-436B-8EF1-61AA2852A89F}.Debug|Any CPU.Build.0 = Debug|Any CPU
		{E789C72A-5CFD-436B-8EF1-61AA2852A89F}.Debug|ARM.ActiveCfg = Debug|Any CPU
		{E789C72A-5CFD-436B-8EF1-61AA2852A89F}.Debug|ARM.Build.0 = Debug|Any CPU
		{E789C72A-5CFD-436B-8EF1-61AA2852A89F}.Debug|x64.ActiveCfg = Debug|Any CPU
		{E789C72A-5CFD-436B-8EF1-61AA2852A89F}.Debug|x64.Build.0 = Debug|Any CPU
		{E789C72A-5CFD-436B-8EF1-61AA2852A89F}.Debug|x86.ActiveCfg = Debug|Any CPU
		{E789C72A-5CFD-436B-8EF1-61AA2852A89F}.Debug|x86.Build.0 = Debug|Any CPU
		{E789C72A-5CFD-436B-8EF1-61AA2852A89F}.Release|Any CPU.ActiveCfg = Release|Any CPU
		{E789C72A-5CFD-436B-8EF1-61AA2852A89F}.Release|Any CPU.Build.0 = Release|Any CPU
		{E789C72A-5CFD-436B-8EF1-61AA2852A89F}.Release|ARM.ActiveCfg = Release|Any CPU
		{E789C72A-5CFD-436B-8EF1-61AA2852A89F}.Release|ARM.Build.0 = Release|Any CPU
		{E789C72A-5CFD-436B-8EF1-61AA2852A89F}.Release|x64.ActiveCfg = Release|Any CPU
		{E789C72A-5CFD-436B-8EF1-61AA2852A89F}.Release|x64.Build.0 = Release|Any CPU
		{E789C72A-5CFD-436B-8EF1-61AA2852A89F}.Release|x86.ActiveCfg = Release|Any CPU
		{E789C72A-5CFD-436B-8EF1-61AA2852A89F}.Release|x86.Build.0 = Release|Any CPU
		{15A000B7-9E76-4802-82B6-CA05F32AD20B}.Debug|Any CPU.ActiveCfg = Debug|Any CPU
		{15A000B7-9E76-4802-82B6-CA05F32AD20B}.Debug|Any CPU.Build.0 = Debug|Any CPU
		{15A000B7-9E76-4802-82B6-CA05F32AD20B}.Debug|ARM.ActiveCfg = Debug|Any CPU
		{15A000B7-9E76-4802-82B6-CA05F32AD20B}.Debug|ARM.Build.0 = Debug|Any CPU
		{15A000B7-9E76-4802-82B6-CA05F32AD20B}.Debug|x64.ActiveCfg = Debug|Any CPU
		{15A000B7-9E76-4802-82B6-CA05F32AD20B}.Debug|x64.Build.0 = Debug|Any CPU
		{15A000B7-9E76-4802-82B6-CA05F32AD20B}.Debug|x86.ActiveCfg = Debug|Any CPU
		{15A000B7-9E76-4802-82B6-CA05F32AD20B}.Debug|x86.Build.0 = Debug|Any CPU
		{15A000B7-9E76-4802-82B6-CA05F32AD20B}.Release|Any CPU.ActiveCfg = Release|Any CPU
		{15A000B7-9E76-4802-82B6-CA05F32AD20B}.Release|Any CPU.Build.0 = Release|Any CPU
		{15A000B7-9E76-4802-82B6-CA05F32AD20B}.Release|ARM.ActiveCfg = Release|Any CPU
		{15A000B7-9E76-4802-82B6-CA05F32AD20B}.Release|ARM.Build.0 = Release|Any CPU
		{15A000B7-9E76-4802-82B6-CA05F32AD20B}.Release|x64.ActiveCfg = Release|Any CPU
		{15A000B7-9E76-4802-82B6-CA05F32AD20B}.Release|x64.Build.0 = Release|Any CPU
		{15A000B7-9E76-4802-82B6-CA05F32AD20B}.Release|x86.ActiveCfg = Release|Any CPU
		{15A000B7-9E76-4802-82B6-CA05F32AD20B}.Release|x86.Build.0 = Release|Any CPU
		{A69032C3-787C-4D30-909C-71C965FF630C}.Debug|Any CPU.ActiveCfg = Debug|x86
		{A69032C3-787C-4D30-909C-71C965FF630C}.Debug|ARM.ActiveCfg = Debug|ARM
		{A69032C3-787C-4D30-909C-71C965FF630C}.Debug|ARM.Build.0 = Debug|ARM
		{A69032C3-787C-4D30-909C-71C965FF630C}.Debug|ARM.Deploy.0 = Debug|ARM
		{A69032C3-787C-4D30-909C-71C965FF630C}.Debug|x64.ActiveCfg = Debug|x64
		{A69032C3-787C-4D30-909C-71C965FF630C}.Debug|x64.Build.0 = Debug|x64
		{A69032C3-787C-4D30-909C-71C965FF630C}.Debug|x64.Deploy.0 = Debug|x64
		{A69032C3-787C-4D30-909C-71C965FF630C}.Debug|x86.ActiveCfg = Debug|x86
		{A69032C3-787C-4D30-909C-71C965FF630C}.Debug|x86.Build.0 = Debug|x86
		{A69032C3-787C-4D30-909C-71C965FF630C}.Debug|x86.Deploy.0 = Debug|x86
		{A69032C3-787C-4D30-909C-71C965FF630C}.Release|Any CPU.ActiveCfg = Release|x86
		{A69032C3-787C-4D30-909C-71C965FF630C}.Release|ARM.ActiveCfg = Release|ARM
		{A69032C3-787C-4D30-909C-71C965FF630C}.Release|ARM.Build.0 = Release|ARM
		{A69032C3-787C-4D30-909C-71C965FF630C}.Release|ARM.Deploy.0 = Release|ARM
		{A69032C3-787C-4D30-909C-71C965FF630C}.Release|x64.ActiveCfg = Release|x64
		{A69032C3-787C-4D30-909C-71C965FF630C}.Release|x64.Build.0 = Release|x64
		{A69032C3-787C-4D30-909C-71C965FF630C}.Release|x64.Deploy.0 = Release|x64
		{A69032C3-787C-4D30-909C-71C965FF630C}.Release|x86.ActiveCfg = Release|x86
		{A69032C3-787C-4D30-909C-71C965FF630C}.Release|x86.Build.0 = Release|x86
		{A69032C3-787C-4D30-909C-71C965FF630C}.Release|x86.Deploy.0 = Release|x86
		{4A69755D-C222-4D37-BBF0-D14F275BCC6D}.Debug|Any CPU.ActiveCfg = Debug|Any CPU
		{4A69755D-C222-4D37-BBF0-D14F275BCC6D}.Debug|Any CPU.Build.0 = Debug|Any CPU
		{4A69755D-C222-4D37-BBF0-D14F275BCC6D}.Debug|ARM.ActiveCfg = Debug|Any CPU
		{4A69755D-C222-4D37-BBF0-D14F275BCC6D}.Debug|ARM.Build.0 = Debug|Any CPU
		{4A69755D-C222-4D37-BBF0-D14F275BCC6D}.Debug|x64.ActiveCfg = Debug|Any CPU
		{4A69755D-C222-4D37-BBF0-D14F275BCC6D}.Debug|x64.Build.0 = Debug|Any CPU
		{4A69755D-C222-4D37-BBF0-D14F275BCC6D}.Debug|x86.ActiveCfg = Debug|Any CPU
		{4A69755D-C222-4D37-BBF0-D14F275BCC6D}.Debug|x86.Build.0 = Debug|Any CPU
		{4A69755D-C222-4D37-BBF0-D14F275BCC6D}.Release|Any CPU.ActiveCfg = Release|Any CPU
		{4A69755D-C222-4D37-BBF0-D14F275BCC6D}.Release|Any CPU.Build.0 = Release|Any CPU
		{4A69755D-C222-4D37-BBF0-D14F275BCC6D}.Release|ARM.ActiveCfg = Release|Any CPU
		{4A69755D-C222-4D37-BBF0-D14F275BCC6D}.Release|ARM.Build.0 = Release|Any CPU
		{4A69755D-C222-4D37-BBF0-D14F275BCC6D}.Release|x64.ActiveCfg = Release|Any CPU
		{4A69755D-C222-4D37-BBF0-D14F275BCC6D}.Release|x64.Build.0 = Release|Any CPU
		{4A69755D-C222-4D37-BBF0-D14F275BCC6D}.Release|x86.ActiveCfg = Release|Any CPU
		{4A69755D-C222-4D37-BBF0-D14F275BCC6D}.Release|x86.Build.0 = Release|Any CPU
		{CB11D2D9-6BA8-438A-9108-087F5C6079C6}.Debug|Any CPU.ActiveCfg = Debug|Any CPU
		{CB11D2D9-6BA8-438A-9108-087F5C6079C6}.Debug|Any CPU.Build.0 = Debug|Any CPU
		{CB11D2D9-6BA8-438A-9108-087F5C6079C6}.Debug|ARM.ActiveCfg = Debug|Any CPU
		{CB11D2D9-6BA8-438A-9108-087F5C6079C6}.Debug|ARM.Build.0 = Debug|Any CPU
		{CB11D2D9-6BA8-438A-9108-087F5C6079C6}.Debug|x64.ActiveCfg = Debug|Any CPU
		{CB11D2D9-6BA8-438A-9108-087F5C6079C6}.Debug|x64.Build.0 = Debug|Any CPU
		{CB11D2D9-6BA8-438A-9108-087F5C6079C6}.Debug|x86.ActiveCfg = Debug|Any CPU
		{CB11D2D9-6BA8-438A-9108-087F5C6079C6}.Debug|x86.Build.0 = Debug|Any CPU
		{CB11D2D9-6BA8-438A-9108-087F5C6079C6}.Release|Any CPU.ActiveCfg = Release|Any CPU
		{CB11D2D9-6BA8-438A-9108-087F5C6079C6}.Release|Any CPU.Build.0 = Release|Any CPU
		{CB11D2D9-6BA8-438A-9108-087F5C6079C6}.Release|ARM.ActiveCfg = Release|Any CPU
		{CB11D2D9-6BA8-438A-9108-087F5C6079C6}.Release|ARM.Build.0 = Release|Any CPU
		{CB11D2D9-6BA8-438A-9108-087F5C6079C6}.Release|x64.ActiveCfg = Release|Any CPU
		{CB11D2D9-6BA8-438A-9108-087F5C6079C6}.Release|x64.Build.0 = Release|Any CPU
		{CB11D2D9-6BA8-438A-9108-087F5C6079C6}.Release|x86.ActiveCfg = Release|Any CPU
		{CB11D2D9-6BA8-438A-9108-087F5C6079C6}.Release|x86.Build.0 = Release|Any CPU
		{6D0625C8-6D48-4320-89B0-CF2DF1A6096E}.Debug|Any CPU.ActiveCfg = Debug|Any CPU
		{6D0625C8-6D48-4320-89B0-CF2DF1A6096E}.Debug|Any CPU.Build.0 = Debug|Any CPU
		{6D0625C8-6D48-4320-89B0-CF2DF1A6096E}.Debug|ARM.ActiveCfg = Debug|Any CPU
		{6D0625C8-6D48-4320-89B0-CF2DF1A6096E}.Debug|ARM.Build.0 = Debug|Any CPU
		{6D0625C8-6D48-4320-89B0-CF2DF1A6096E}.Debug|x64.ActiveCfg = Debug|Any CPU
		{6D0625C8-6D48-4320-89B0-CF2DF1A6096E}.Debug|x64.Build.0 = Debug|Any CPU
		{6D0625C8-6D48-4320-89B0-CF2DF1A6096E}.Debug|x86.ActiveCfg = Debug|Any CPU
		{6D0625C8-6D48-4320-89B0-CF2DF1A6096E}.Debug|x86.Build.0 = Debug|Any CPU
		{6D0625C8-6D48-4320-89B0-CF2DF1A6096E}.Release|Any CPU.ActiveCfg = Release|Any CPU
		{6D0625C8-6D48-4320-89B0-CF2DF1A6096E}.Release|Any CPU.Build.0 = Release|Any CPU
		{6D0625C8-6D48-4320-89B0-CF2DF1A6096E}.Release|ARM.ActiveCfg = Release|Any CPU
		{6D0625C8-6D48-4320-89B0-CF2DF1A6096E}.Release|ARM.Build.0 = Release|Any CPU
		{6D0625C8-6D48-4320-89B0-CF2DF1A6096E}.Release|x64.ActiveCfg = Release|Any CPU
		{6D0625C8-6D48-4320-89B0-CF2DF1A6096E}.Release|x64.Build.0 = Release|Any CPU
		{6D0625C8-6D48-4320-89B0-CF2DF1A6096E}.Release|x86.ActiveCfg = Release|Any CPU
		{6D0625C8-6D48-4320-89B0-CF2DF1A6096E}.Release|x86.Build.0 = Release|Any CPU
		{D55032AA-AED3-4DC6-B905-F7A51B979C04}.Debug|Any CPU.ActiveCfg = Debug|Any CPU
		{D55032AA-AED3-4DC6-B905-F7A51B979C04}.Debug|Any CPU.Build.0 = Debug|Any CPU
		{D55032AA-AED3-4DC6-B905-F7A51B979C04}.Debug|ARM.ActiveCfg = Debug|Any CPU
		{D55032AA-AED3-4DC6-B905-F7A51B979C04}.Debug|ARM.Build.0 = Debug|Any CPU
		{D55032AA-AED3-4DC6-B905-F7A51B979C04}.Debug|x64.ActiveCfg = Debug|Any CPU
		{D55032AA-AED3-4DC6-B905-F7A51B979C04}.Debug|x64.Build.0 = Debug|Any CPU
		{D55032AA-AED3-4DC6-B905-F7A51B979C04}.Debug|x86.ActiveCfg = Debug|Any CPU
		{D55032AA-AED3-4DC6-B905-F7A51B979C04}.Debug|x86.Build.0 = Debug|Any CPU
		{D55032AA-AED3-4DC6-B905-F7A51B979C04}.Release|Any CPU.ActiveCfg = Release|Any CPU
		{D55032AA-AED3-4DC6-B905-F7A51B979C04}.Release|Any CPU.Build.0 = Release|Any CPU
		{D55032AA-AED3-4DC6-B905-F7A51B979C04}.Release|ARM.ActiveCfg = Release|Any CPU
		{D55032AA-AED3-4DC6-B905-F7A51B979C04}.Release|ARM.Build.0 = Release|Any CPU
		{D55032AA-AED3-4DC6-B905-F7A51B979C04}.Release|x64.ActiveCfg = Release|Any CPU
		{D55032AA-AED3-4DC6-B905-F7A51B979C04}.Release|x64.Build.0 = Release|Any CPU
		{D55032AA-AED3-4DC6-B905-F7A51B979C04}.Release|x86.ActiveCfg = Release|Any CPU
		{D55032AA-AED3-4DC6-B905-F7A51B979C04}.Release|x86.Build.0 = Release|Any CPU
		{20EABA0D-BAC0-4E2C-ABCD-E0CD459669CF}.Debug|Any CPU.ActiveCfg = Debug|Any CPU
		{20EABA0D-BAC0-4E2C-ABCD-E0CD459669CF}.Debug|Any CPU.Build.0 = Debug|Any CPU
		{20EABA0D-BAC0-4E2C-ABCD-E0CD459669CF}.Debug|ARM.ActiveCfg = Debug|Any CPU
		{20EABA0D-BAC0-4E2C-ABCD-E0CD459669CF}.Debug|ARM.Build.0 = Debug|Any CPU
		{20EABA0D-BAC0-4E2C-ABCD-E0CD459669CF}.Debug|x64.ActiveCfg = Debug|Any CPU
		{20EABA0D-BAC0-4E2C-ABCD-E0CD459669CF}.Debug|x64.Build.0 = Debug|Any CPU
		{20EABA0D-BAC0-4E2C-ABCD-E0CD459669CF}.Debug|x86.ActiveCfg = Debug|Any CPU
		{20EABA0D-BAC0-4E2C-ABCD-E0CD459669CF}.Debug|x86.Build.0 = Debug|Any CPU
		{20EABA0D-BAC0-4E2C-ABCD-E0CD459669CF}.Release|Any CPU.ActiveCfg = Release|Any CPU
		{20EABA0D-BAC0-4E2C-ABCD-E0CD459669CF}.Release|Any CPU.Build.0 = Release|Any CPU
		{20EABA0D-BAC0-4E2C-ABCD-E0CD459669CF}.Release|ARM.ActiveCfg = Release|Any CPU
		{20EABA0D-BAC0-4E2C-ABCD-E0CD459669CF}.Release|ARM.Build.0 = Release|Any CPU
		{20EABA0D-BAC0-4E2C-ABCD-E0CD459669CF}.Release|x64.ActiveCfg = Release|Any CPU
		{20EABA0D-BAC0-4E2C-ABCD-E0CD459669CF}.Release|x64.Build.0 = Release|Any CPU
		{20EABA0D-BAC0-4E2C-ABCD-E0CD459669CF}.Release|x86.ActiveCfg = Release|Any CPU
		{20EABA0D-BAC0-4E2C-ABCD-E0CD459669CF}.Release|x86.Build.0 = Release|Any CPU
		{9D897B5E-5697-4E79-8F7D-DF174CB0E4D9}.Debug|Any CPU.ActiveCfg = Debug|Any CPU
		{9D897B5E-5697-4E79-8F7D-DF174CB0E4D9}.Debug|Any CPU.Build.0 = Debug|Any CPU
		{9D897B5E-5697-4E79-8F7D-DF174CB0E4D9}.Debug|ARM.ActiveCfg = Debug|Any CPU
		{9D897B5E-5697-4E79-8F7D-DF174CB0E4D9}.Debug|ARM.Build.0 = Debug|Any CPU
		{9D897B5E-5697-4E79-8F7D-DF174CB0E4D9}.Debug|x64.ActiveCfg = Debug|Any CPU
		{9D897B5E-5697-4E79-8F7D-DF174CB0E4D9}.Debug|x64.Build.0 = Debug|Any CPU
		{9D897B5E-5697-4E79-8F7D-DF174CB0E4D9}.Debug|x86.ActiveCfg = Debug|Any CPU
		{9D897B5E-5697-4E79-8F7D-DF174CB0E4D9}.Debug|x86.Build.0 = Debug|Any CPU
		{9D897B5E-5697-4E79-8F7D-DF174CB0E4D9}.Release|Any CPU.ActiveCfg = Release|Any CPU
		{9D897B5E-5697-4E79-8F7D-DF174CB0E4D9}.Release|Any CPU.Build.0 = Release|Any CPU
		{9D897B5E-5697-4E79-8F7D-DF174CB0E4D9}.Release|ARM.ActiveCfg = Release|Any CPU
		{9D897B5E-5697-4E79-8F7D-DF174CB0E4D9}.Release|ARM.Build.0 = Release|Any CPU
		{9D897B5E-5697-4E79-8F7D-DF174CB0E4D9}.Release|x64.ActiveCfg = Release|Any CPU
		{9D897B5E-5697-4E79-8F7D-DF174CB0E4D9}.Release|x64.Build.0 = Release|Any CPU
		{9D897B5E-5697-4E79-8F7D-DF174CB0E4D9}.Release|x86.ActiveCfg = Release|Any CPU
		{9D897B5E-5697-4E79-8F7D-DF174CB0E4D9}.Release|x86.Build.0 = Release|Any CPU
		{A5E69BE1-2032-44A9-B4A5-53B0DC641BA6}.Debug|Any CPU.ActiveCfg = Debug|Any CPU
		{A5E69BE1-2032-44A9-B4A5-53B0DC641BA6}.Debug|Any CPU.Build.0 = Debug|Any CPU
		{A5E69BE1-2032-44A9-B4A5-53B0DC641BA6}.Debug|ARM.ActiveCfg = Debug|Any CPU
		{A5E69BE1-2032-44A9-B4A5-53B0DC641BA6}.Debug|ARM.Build.0 = Debug|Any CPU
		{A5E69BE1-2032-44A9-B4A5-53B0DC641BA6}.Debug|x64.ActiveCfg = Debug|Any CPU
		{A5E69BE1-2032-44A9-B4A5-53B0DC641BA6}.Debug|x64.Build.0 = Debug|Any CPU
		{A5E69BE1-2032-44A9-B4A5-53B0DC641BA6}.Debug|x86.ActiveCfg = Debug|Any CPU
		{A5E69BE1-2032-44A9-B4A5-53B0DC641BA6}.Debug|x86.Build.0 = Debug|Any CPU
		{A5E69BE1-2032-44A9-B4A5-53B0DC641BA6}.Release|Any CPU.ActiveCfg = Release|Any CPU
		{A5E69BE1-2032-44A9-B4A5-53B0DC641BA6}.Release|Any CPU.Build.0 = Release|Any CPU
		{A5E69BE1-2032-44A9-B4A5-53B0DC641BA6}.Release|ARM.ActiveCfg = Release|Any CPU
		{A5E69BE1-2032-44A9-B4A5-53B0DC641BA6}.Release|ARM.Build.0 = Release|Any CPU
		{A5E69BE1-2032-44A9-B4A5-53B0DC641BA6}.Release|x64.ActiveCfg = Release|Any CPU
		{A5E69BE1-2032-44A9-B4A5-53B0DC641BA6}.Release|x64.Build.0 = Release|Any CPU
		{A5E69BE1-2032-44A9-B4A5-53B0DC641BA6}.Release|x86.ActiveCfg = Release|Any CPU
		{A5E69BE1-2032-44A9-B4A5-53B0DC641BA6}.Release|x86.Build.0 = Release|Any CPU
		{BF3DAC4A-5187-4168-85DE-7306178950F8}.Debug|Any CPU.ActiveCfg = Debug|Any CPU
		{BF3DAC4A-5187-4168-85DE-7306178950F8}.Debug|Any CPU.Build.0 = Debug|Any CPU
		{BF3DAC4A-5187-4168-85DE-7306178950F8}.Debug|ARM.ActiveCfg = Debug|Any CPU
		{BF3DAC4A-5187-4168-85DE-7306178950F8}.Debug|ARM.Build.0 = Debug|Any CPU
		{BF3DAC4A-5187-4168-85DE-7306178950F8}.Debug|x64.ActiveCfg = Debug|Any CPU
		{BF3DAC4A-5187-4168-85DE-7306178950F8}.Debug|x64.Build.0 = Debug|Any CPU
		{BF3DAC4A-5187-4168-85DE-7306178950F8}.Debug|x86.ActiveCfg = Debug|Any CPU
		{BF3DAC4A-5187-4168-85DE-7306178950F8}.Debug|x86.Build.0 = Debug|Any CPU
		{BF3DAC4A-5187-4168-85DE-7306178950F8}.Release|Any CPU.ActiveCfg = Release|Any CPU
		{BF3DAC4A-5187-4168-85DE-7306178950F8}.Release|Any CPU.Build.0 = Release|Any CPU
		{BF3DAC4A-5187-4168-85DE-7306178950F8}.Release|ARM.ActiveCfg = Release|Any CPU
		{BF3DAC4A-5187-4168-85DE-7306178950F8}.Release|ARM.Build.0 = Release|Any CPU
		{BF3DAC4A-5187-4168-85DE-7306178950F8}.Release|x64.ActiveCfg = Release|Any CPU
		{BF3DAC4A-5187-4168-85DE-7306178950F8}.Release|x64.Build.0 = Release|Any CPU
		{BF3DAC4A-5187-4168-85DE-7306178950F8}.Release|x86.ActiveCfg = Release|Any CPU
		{BF3DAC4A-5187-4168-85DE-7306178950F8}.Release|x86.Build.0 = Release|Any CPU
	EndGlobalSection
	GlobalSection(SolutionProperties) = preSolution
		HideSolutionNode = FALSE
	EndGlobalSection
	GlobalSection(NestedProjects) = preSolution
		{83F16175-43B1-4C90-A1EE-8E351C33435D} = {A6A6AF7D-D6E3-442D-9B1E-58CC91879BE1}
		{8E6D5255-776D-4B61-85F9-73C37AA1FB9A} = {A6A6AF7D-D6E3-442D-9B1E-58CC91879BE1}
		{E789C72A-5CFD-436B-8EF1-61AA2852A89F} = {ED8079DD-2B06-4030-9F0F-DC548F98E1C4}
		{15A000B7-9E76-4802-82B6-CA05F32AD20B} = {5861A35A-C72B-4CDD-8408-832E294AF2EC}
		{A69032C3-787C-4D30-909C-71C965FF630C} = {5861A35A-C72B-4CDD-8408-832E294AF2EC}
		{4A69755D-C222-4D37-BBF0-D14F275BCC6D} = {5861A35A-C72B-4CDD-8408-832E294AF2EC}
		{CB11D2D9-6BA8-438A-9108-087F5C6079C6} = {5861A35A-C72B-4CDD-8408-832E294AF2EC}
		{6D0625C8-6D48-4320-89B0-CF2DF1A6096E} = {DFF025AE-050F-4A59-A698-51264E64CA70}
		{D55032AA-AED3-4DC6-B905-F7A51B979C04} = {DFF025AE-050F-4A59-A698-51264E64CA70}
		{9D897B5E-5697-4E79-8F7D-DF174CB0E4D9} = {4A7C713F-36DA-4638-A0ED-E39EC916C8B9}
		{A5E69BE1-2032-44A9-B4A5-53B0DC641BA6} = {4A7C713F-36DA-4638-A0ED-E39EC916C8B9}
		{BF3DAC4A-5187-4168-85DE-7306178950F8} = {ED8079DD-2B06-4030-9F0F-DC548F98E1C4}
	EndGlobalSection
EndGlobal
